
Microsoft Visual Studio Solution File, Format Version 12.00
# Visual Studio Version 16
VisualStudioVersion = 16.0.30128.74
MinimumVisualStudioVersion = 10.0.40219.1
Project("{FAE04EC0-301F-11D3-BF4B-00C04F79EFBC}") = "ASP_WebForm_QLBanVeChieuPhimOnline", "ASP_WebForm_QLBanVeChieuPhimOnline\ASP_WebForm_QLBanVeChieuPhimOnline.csproj", "{304A9ADB-6E7A-4E4E-A494-8376B7571754}"
EndProject
Global
	GlobalSection(SolutionConfigurationPlatforms) = preSolution
		Debug|Any CPU = Debug|Any CPU
		Release|Any CPU = Release|Any CPU
	EndGlobalSection
	GlobalSection(ProjectConfigurationPlatforms) = postSolution
		{304A9ADB-6E7A-4E4E-A494-8376B7571754}.Debug|Any CPU.ActiveCfg = Debug|Any CPU
		{304A9ADB-6E7A-4E4E-A494-8376B7571754}.Debug|Any CPU.Build.0 = Debug|Any CPU
		{304A9ADB-6E7A-4E4E-A494-8376B7571754}.Release|Any CPU.ActiveCfg = Release|Any CPU
		{304A9ADB-6E7A-4E4E-A494-8376B7571754}.Release|Any CPU.Build.0 = Release|Any CPU
	EndGlobalSection
	GlobalSection(SolutionProperties) = preSolution
		HideSolutionNode = FALSE
	EndGlobalSection
	GlobalSection(ExtensibilityGlobals) = postSolution
		SolutionGuid = {22F10526-8E7F-45FC-9690-08B2D77BC2A6}
	EndGlobalSection
EndGlobal
